
Microsoft Visual Studio Solution File, Format Version 12.00
# Visual Studio Version 17
VisualStudioVersion = 17.13.35931.197 d17.13
MinimumVisualStudioVersion = 10.0.40219.1
Project("{888888A0-9F3D-457C-B088-3A5042F75D52}") = "askeze_bot", "askeze_bot.pyproj", "{2C73837E-8CF2-4398-A38B-2EDE7DAE5E7D}"
EndProject
Global
	GlobalSection(SolutionConfigurationPlatforms) = preSolution
		Debug|Any CPU = Debug|Any CPU
		Release|Any CPU = Release|Any CPU
	EndGlobalSection
	GlobalSection(ProjectConfigurationPlatforms) = postSolution
		{2C73837E-8CF2-4398-A38B-2EDE7DAE5E7D}.Debug|Any CPU.ActiveCfg = Debug|Any CPU
		{2C73837E-8CF2-4398-A38B-2EDE7DAE5E7D}.Release|Any CPU.ActiveCfg = Release|Any CPU
	EndGlobalSection
	GlobalSection(SolutionProperties) = preSolution
		HideSolutionNode = FALSE
	EndGlobalSection
	GlobalSection(ExtensibilityGlobals) = postSolution
		SolutionGuid = {49C1FB39-6F34-4675-A5CC-180DB021768F}
	EndGlobalSection
EndGlobal
